<?xml version="1.0" encoding="utf-8"?>
<Project ToolsVersion="4.0" xmlns="http://schemas.microsoft.com/developer/msbuild/2003">
  <ItemGroup>
    <ClCompile Include="httpmodifier.cpp" />
    <ClCompile Include="tcp.cpp" />
    <ClCompile Include="udp.cpp" />
  </ItemGroup>
  <ItemGroup>
    <ClInclude Include="httpmodifier.h" />
    <ClInclude Include="network\intrin.h">
      <Filter>net</Filter>
    </ClInclude>
    <ClInclude Include="network\checksum.h">
      <Filter>net</Filter>
    </ClInclude>
    <ClInclude Include="com_tencent_httpmodifier_Native.h">
      <Filter>javah</Filter>
    </ClInclude>
    <ClInclude Include="threadfactory.h" />
  </ItemGroup>
  <ItemGroup>
    <CustomBuild Include="network\x86\checksum_32.S">
      <Filter>asm</Filter>
    </CustomBuild>
    <CustomBuild Include="network\arm\csumipv6.S">
      <Filter>asm</Filter>
    </CustomBuild>
    <CustomBuild Include="network\arm\csumpartial.S">
      <Filter>asm</Filter>
    </CustomBuild>
  </ItemGroup>
  <ItemGroup>
    <Filter Include="asm">
      <UniqueIdentifier>{fc2170a3-f3fc-4321-86fd-38962f20a959}</UniqueIdentifier>
    </Filter>
    <Filter Include="net">
      <UniqueIdentifier>{8c39a510-8414-4a47-92ae-492033f6db44}</UniqueIdentifier>
    </Filter>
    <Filter Include="javah">
      <UniqueIdentifier>{900c83f2-651a-4fba-961a-e68a6342ccb4}</UniqueIdentifier>
    </Filter>
  </ItemGroup>
</Project>